
Microsoft Visual Studio Solution File, Format Version 12.00
# Visual Studio Version 17
VisualStudioVersion = 17.10.35013.160
MinimumVisualStudioVersion = 10.0.40219.1
Project("{FAE04EC0-301F-11D3-BF4B-00C04F79EFBC}") = "NKatmanliMimari", "NKatmanliMimari\NKatmanliMimari.csproj", "{C4204C8A-734F-455A-9CBA-748129503E1B}"
EndProject
Project("{FAE04EC0-301F-11D3-BF4B-00C04F79EFBC}") = "EntityLayer", "Entity\EntityLayer.csproj", "{0BD1310E-1383-48CE-962B-73CBB0CB1473}"
EndProject
Project("{FAE04EC0-301F-11D3-BF4B-00C04F79EFBC}") = "DataAccessLayer", "DataAccessLayer\DataAccessLayer.csproj", "{A1645061-BC5D-45F0-B83A-EDC35EA57B2C}"
EndProject
Project("{FAE04EC0-301F-11D3-BF4B-00C04F79EFBC}") = "LogicLayer", "LogicLayer\LogicLayer.csproj", "{B8ED8124-1E4B-4639-935D-6466C113899C}"
EndProject
Global
	GlobalSection(SolutionConfigurationPlatforms) = preSolution
		Debug|Any CPU = Debug|Any CPU
		Release|Any CPU = Release|Any CPU
	EndGlobalSection
	GlobalSection(ProjectConfigurationPlatforms) = postSolution
		{C4204C8A-734F-455A-9CBA-748129503E1B}.Debug|Any CPU.ActiveCfg = Debug|Any CPU
		{C4204C8A-734F-455A-9CBA-748129503E1B}.Debug|Any CPU.Build.0 = Debug|Any CPU
		{C4204C8A-734F-455A-9CBA-748129503E1B}.Release|Any CPU.ActiveCfg = Release|Any CPU
		{C4204C8A-734F-455A-9CBA-748129503E1B}.Release|Any CPU.Build.0 = Release|Any CPU
		{0BD1310E-1383-48CE-962B-73CBB0CB1473}.Debug|Any CPU.ActiveCfg = Debug|Any CPU
		{0BD1310E-1383-48CE-962B-73CBB0CB1473}.Debug|Any CPU.Build.0 = Debug|Any CPU
		{0BD1310E-1383-48CE-962B-73CBB0CB1473}.Release|Any CPU.ActiveCfg = Release|Any CPU
		{0BD1310E-1383-48CE-962B-73CBB0CB1473}.Release|Any CPU.Build.0 = Release|Any CPU
		{A1645061-BC5D-45F0-B83A-EDC35EA57B2C}.Debug|Any CPU.ActiveCfg = Debug|Any CPU
		{A1645061-BC5D-45F0-B83A-EDC35EA57B2C}.Debug|Any CPU.Build.0 = Debug|Any CPU
		{A1645061-BC5D-45F0-B83A-EDC35EA57B2C}.Release|Any CPU.ActiveCfg = Release|Any CPU
		{A1645061-BC5D-45F0-B83A-EDC35EA57B2C}.Release|Any CPU.Build.0 = Release|Any CPU
		{B8ED8124-1E4B-4639-935D-6466C113899C}.Debug|Any CPU.ActiveCfg = Debug|Any CPU
		{B8ED8124-1E4B-4639-935D-6466C113899C}.Debug|Any CPU.Build.0 = Debug|Any CPU
		{B8ED8124-1E4B-4639-935D-6466C113899C}.Release|Any CPU.ActiveCfg = Release|Any CPU
		{B8ED8124-1E4B-4639-935D-6466C113899C}.Release|Any CPU.Build.0 = Release|Any CPU
	EndGlobalSection
	GlobalSection(SolutionProperties) = preSolution
		HideSolutionNode = FALSE
	EndGlobalSection
	GlobalSection(ExtensibilityGlobals) = postSolution
		SolutionGuid = {3978FD9A-AAB0-4E0C-918C-BC99142CDF18}
	EndGlobalSection
EndGlobal
